
Microsoft Visual Studio Solution File, Format Version 12.00
# Visual Studio Version 17
VisualStudioVersion = 17.14.36109.1 d17.14
MinimumVisualStudioVersion = 10.0.40219.1
Project("{FAE04EC0-301F-11D3-BF4B-00C04F79EFBC}") = "XMLW7B2 LINQ to XML", "XMLW7B2 LINQ to XML.csproj", "{14D3FC65-1633-490E-BAEA-C6FF8D1364A6}"
EndProject
Global
	GlobalSection(SolutionConfigurationPlatforms) = preSolution
		Debug|Any CPU = Debug|Any CPU
		Release|Any CPU = Release|Any CPU
	EndGlobalSection
	GlobalSection(ProjectConfigurationPlatforms) = postSolution
		{14D3FC65-1633-490E-BAEA-C6FF8D1364A6}.Debug|Any CPU.ActiveCfg = Debug|Any CPU
		{14D3FC65-1633-490E-BAEA-C6FF8D1364A6}.Debug|Any CPU.Build.0 = Debug|Any CPU
		{14D3FC65-1633-490E-BAEA-C6FF8D1364A6}.Release|Any CPU.ActiveCfg = Release|Any CPU
		{14D3FC65-1633-490E-BAEA-C6FF8D1364A6}.Release|Any CPU.Build.0 = Release|Any CPU
	EndGlobalSection
	GlobalSection(SolutionProperties) = preSolution
		HideSolutionNode = FALSE
	EndGlobalSection
	GlobalSection(ExtensibilityGlobals) = postSolution
		SolutionGuid = {122FB203-A1A5-4B2C-B7C2-F40724FB08DE}
	EndGlobalSection
EndGlobal
