
Microsoft Visual Studio Solution File, Format Version 12.00
# Visual Studio Version 17
VisualStudioVersion = 17.14.36109.1 d17.14
MinimumVisualStudioVersion = 10.0.40219.1
Project("{FAE04EC0-301F-11D3-BF4B-00C04F79EFBC}") = "ExamPrep B1 W5 ArrayPractice", "ExamPrep B1 W5 ArrayPractice.csproj", "{D8C34E4B-B128-4112-98B8-C6B41E325F3B}"
EndProject
Global
	GlobalSection(SolutionConfigurationPlatforms) = preSolution
		Debug|Any CPU = Debug|Any CPU
		Release|Any CPU = Release|Any CPU
	EndGlobalSection
	GlobalSection(ProjectConfigurationPlatforms) = postSolution
		{D8C34E4B-B128-4112-98B8-C6B41E325F3B}.Debug|Any CPU.ActiveCfg = Debug|Any CPU
		{D8C34E4B-B128-4112-98B8-C6B41E325F3B}.Debug|Any CPU.Build.0 = Debug|Any CPU
		{D8C34E4B-B128-4112-98B8-C6B41E325F3B}.Release|Any CPU.ActiveCfg = Release|Any CPU
		{D8C34E4B-B128-4112-98B8-C6B41E325F3B}.Release|Any CPU.Build.0 = Release|Any CPU
	EndGlobalSection
	GlobalSection(SolutionProperties) = preSolution
		HideSolutionNode = FALSE
	EndGlobalSection
	GlobalSection(ExtensibilityGlobals) = postSolution
		SolutionGuid = {1BC2190D-1DD4-45CB-B0B7-BFD0E3107B1D}
	EndGlobalSection
EndGlobal
