
Microsoft Visual Studio Solution File, Format Version 12.00
# Visual Studio Version 17
VisualStudioVersion = 17.14.36109.1 d17.14
MinimumVisualStudioVersion = 10.0.40219.1
Project("{FAE04EC0-301F-11D3-BF4B-00C04F79EFBC}") = "MockExamB2 Q5", "MockExamB2 Q5.csproj", "{0503C54D-B9DF-49F2-ABA5-F1C485ED2CEB}"
EndProject
Global
	GlobalSection(SolutionConfigurationPlatforms) = preSolution
		Debug|Any CPU = Debug|Any CPU
		Release|Any CPU = Release|Any CPU
	EndGlobalSection
	GlobalSection(ProjectConfigurationPlatforms) = postSolution
		{0503C54D-B9DF-49F2-ABA5-F1C485ED2CEB}.Debug|Any CPU.ActiveCfg = Debug|Any CPU
		{0503C54D-B9DF-49F2-ABA5-F1C485ED2CEB}.Debug|Any CPU.Build.0 = Debug|Any CPU
		{0503C54D-B9DF-49F2-ABA5-F1C485ED2CEB}.Release|Any CPU.ActiveCfg = Release|Any CPU
		{0503C54D-B9DF-49F2-ABA5-F1C485ED2CEB}.Release|Any CPU.Build.0 = Release|Any CPU
	EndGlobalSection
	GlobalSection(SolutionProperties) = preSolution
		HideSolutionNode = FALSE
	EndGlobalSection
	GlobalSection(ExtensibilityGlobals) = postSolution
		SolutionGuid = {6FE923EB-F625-4B4A-BFBD-F0E0B260ABC1}
	EndGlobalSection
EndGlobal
