
Microsoft Visual Studio Solution File, Format Version 12.00
# Visual Studio Version 17
VisualStudioVersion = 17.14.36109.1 d17.14
MinimumVisualStudioVersion = 10.0.40219.1
Project("{FAE04EC0-301F-11D3-BF4B-00C04F79EFBC}") = "ExamPrep B1 W5 Arrays", "ExamPrep B1 W5 Arrays.csproj", "{EA58F57A-9428-4D4D-97F0-671AC2774EF8}"
EndProject
Global
	GlobalSection(SolutionConfigurationPlatforms) = preSolution
		Debug|Any CPU = Debug|Any CPU
		Release|Any CPU = Release|Any CPU
	EndGlobalSection
	GlobalSection(ProjectConfigurationPlatforms) = postSolution
		{EA58F57A-9428-4D4D-97F0-671AC2774EF8}.Debug|Any CPU.ActiveCfg = Debug|Any CPU
		{EA58F57A-9428-4D4D-97F0-671AC2774EF8}.Debug|Any CPU.Build.0 = Debug|Any CPU
		{EA58F57A-9428-4D4D-97F0-671AC2774EF8}.Release|Any CPU.ActiveCfg = Release|Any CPU
		{EA58F57A-9428-4D4D-97F0-671AC2774EF8}.Release|Any CPU.Build.0 = Release|Any CPU
	EndGlobalSection
	GlobalSection(SolutionProperties) = preSolution
		HideSolutionNode = FALSE
	EndGlobalSection
	GlobalSection(ExtensibilityGlobals) = postSolution
		SolutionGuid = {C955C5E3-D28D-4042-87F6-B49E4343F413}
	EndGlobalSection
EndGlobal
