
Microsoft Visual Studio Solution File, Format Version 12.00
# Visual Studio Version 17
VisualStudioVersion = 17.14.36221.1 d17.14
MinimumVisualStudioVersion = 10.0.40219.1
Project("{FAE04EC0-301F-11D3-BF4B-00C04F79EFBC}") = "Initial Final Exam Q5", "Initial Final Exam Q5.csproj", "{BE7918E9-FD53-4B64-A126-14FDC4E29BC8}"
EndProject
Global
	GlobalSection(SolutionConfigurationPlatforms) = preSolution
		Debug|Any CPU = Debug|Any CPU
		Release|Any CPU = Release|Any CPU
	EndGlobalSection
	GlobalSection(ProjectConfigurationPlatforms) = postSolution
		{BE7918E9-FD53-4B64-A126-14FDC4E29BC8}.Debug|Any CPU.ActiveCfg = Debug|Any CPU
		{BE7918E9-FD53-4B64-A126-14FDC4E29BC8}.Debug|Any CPU.Build.0 = Debug|Any CPU
		{BE7918E9-FD53-4B64-A126-14FDC4E29BC8}.Release|Any CPU.ActiveCfg = Release|Any CPU
		{BE7918E9-FD53-4B64-A126-14FDC4E29BC8}.Release|Any CPU.Build.0 = Release|Any CPU
	EndGlobalSection
	GlobalSection(SolutionProperties) = preSolution
		HideSolutionNode = FALSE
	EndGlobalSection
	GlobalSection(ExtensibilityGlobals) = postSolution
		SolutionGuid = {FB3B1310-87B4-427E-AAF1-4FD556E8EB6B}
	EndGlobalSection
EndGlobal
