
Microsoft Visual Studio Solution File, Format Version 12.00
# Visual Studio Version 17
VisualStudioVersion = 17.14.36221.1 d17.14
MinimumVisualStudioVersion = 10.0.40219.1
Project("{FAE04EC0-301F-11D3-BF4B-00C04F79EFBC}") = "Inital Final Exam Q1.2", "Inital Final Exam Q1.2.csproj", "{FE799276-C697-468A-9DEA-347C1CC085CD}"
EndProject
Global
	GlobalSection(SolutionConfigurationPlatforms) = preSolution
		Debug|Any CPU = Debug|Any CPU
		Release|Any CPU = Release|Any CPU
	EndGlobalSection
	GlobalSection(ProjectConfigurationPlatforms) = postSolution
		{FE799276-C697-468A-9DEA-347C1CC085CD}.Debug|Any CPU.ActiveCfg = Debug|Any CPU
		{FE799276-C697-468A-9DEA-347C1CC085CD}.Debug|Any CPU.Build.0 = Debug|Any CPU
		{FE799276-C697-468A-9DEA-347C1CC085CD}.Release|Any CPU.ActiveCfg = Release|Any CPU
		{FE799276-C697-468A-9DEA-347C1CC085CD}.Release|Any CPU.Build.0 = Release|Any CPU
	EndGlobalSection
	GlobalSection(SolutionProperties) = preSolution
		HideSolutionNode = FALSE
	EndGlobalSection
	GlobalSection(ExtensibilityGlobals) = postSolution
		SolutionGuid = {EF969EDB-25A8-457A-8FC5-3E2EB3A0996E}
	EndGlobalSection
EndGlobal
