
Microsoft Visual Studio Solution File, Format Version 12.00
# Visual Studio Version 17
VisualStudioVersion = 17.14.36109.1 d17.14
MinimumVisualStudioVersion = 10.0.40219.1
Project("{FAE04EC0-301F-11D3-BF4B-00C04F79EFBC}") = "MockExam Q3", "MockExam Q3.csproj", "{A8B4465A-F204-4FD9-A21A-91EA9CF78AE6}"
EndProject
Global
	GlobalSection(SolutionConfigurationPlatforms) = preSolution
		Debug|Any CPU = Debug|Any CPU
		Release|Any CPU = Release|Any CPU
	EndGlobalSection
	GlobalSection(ProjectConfigurationPlatforms) = postSolution
		{A8B4465A-F204-4FD9-A21A-91EA9CF78AE6}.Debug|Any CPU.ActiveCfg = Debug|Any CPU
		{A8B4465A-F204-4FD9-A21A-91EA9CF78AE6}.Debug|Any CPU.Build.0 = Debug|Any CPU
		{A8B4465A-F204-4FD9-A21A-91EA9CF78AE6}.Release|Any CPU.ActiveCfg = Release|Any CPU
		{A8B4465A-F204-4FD9-A21A-91EA9CF78AE6}.Release|Any CPU.Build.0 = Release|Any CPU
	EndGlobalSection
	GlobalSection(SolutionProperties) = preSolution
		HideSolutionNode = FALSE
	EndGlobalSection
	GlobalSection(ExtensibilityGlobals) = postSolution
		SolutionGuid = {52143929-C70E-45B3-8231-08FD5EC39F17}
	EndGlobalSection
EndGlobal
