
Microsoft Visual Studio Solution File, Format Version 12.00
# Visual Studio Version 17
VisualStudioVersion = 17.14.36109.1 d17.14
MinimumVisualStudioVersion = 10.0.40219.1
Project("{FAE04EC0-301F-11D3-BF4B-00C04F79EFBC}") = "Stack Pactice", "Stack Pactice.csproj", "{D4C484D9-E099-4F5C-A8C4-97EB0502D041}"
EndProject
Global
	GlobalSection(SolutionConfigurationPlatforms) = preSolution
		Debug|Any CPU = Debug|Any CPU
		Release|Any CPU = Release|Any CPU
	EndGlobalSection
	GlobalSection(ProjectConfigurationPlatforms) = postSolution
		{D4C484D9-E099-4F5C-A8C4-97EB0502D041}.Debug|Any CPU.ActiveCfg = Debug|Any CPU
		{D4C484D9-E099-4F5C-A8C4-97EB0502D041}.Debug|Any CPU.Build.0 = Debug|Any CPU
		{D4C484D9-E099-4F5C-A8C4-97EB0502D041}.Release|Any CPU.ActiveCfg = Release|Any CPU
		{D4C484D9-E099-4F5C-A8C4-97EB0502D041}.Release|Any CPU.Build.0 = Release|Any CPU
	EndGlobalSection
	GlobalSection(SolutionProperties) = preSolution
		HideSolutionNode = FALSE
	EndGlobalSection
	GlobalSection(ExtensibilityGlobals) = postSolution
		SolutionGuid = {29214D6E-6F21-46A6-9937-6DD8063532E2}
	EndGlobalSection
EndGlobal
