
Microsoft Visual Studio Solution File, Format Version 12.00
# Visual Studio Version 17
VisualStudioVersion = 17.14.36109.1 d17.14
MinimumVisualStudioVersion = 10.0.40219.1
Project("{FAE04EC0-301F-11D3-BF4B-00C04F79EFBC}") = "XMLW6B2 LINQ approach", "XMLW6B2 LINQ approach.csproj", "{F081F7E4-887E-4ACA-A05B-36E48BAD2A81}"
EndProject
Global
	GlobalSection(SolutionConfigurationPlatforms) = preSolution
		Debug|Any CPU = Debug|Any CPU
		Release|Any CPU = Release|Any CPU
	EndGlobalSection
	GlobalSection(ProjectConfigurationPlatforms) = postSolution
		{F081F7E4-887E-4ACA-A05B-36E48BAD2A81}.Debug|Any CPU.ActiveCfg = Debug|Any CPU
		{F081F7E4-887E-4ACA-A05B-36E48BAD2A81}.Debug|Any CPU.Build.0 = Debug|Any CPU
		{F081F7E4-887E-4ACA-A05B-36E48BAD2A81}.Release|Any CPU.ActiveCfg = Release|Any CPU
		{F081F7E4-887E-4ACA-A05B-36E48BAD2A81}.Release|Any CPU.Build.0 = Release|Any CPU
	EndGlobalSection
	GlobalSection(SolutionProperties) = preSolution
		HideSolutionNode = FALSE
	EndGlobalSection
	GlobalSection(ExtensibilityGlobals) = postSolution
		SolutionGuid = {7C04CC9A-DCD6-4C2F-82B1-099A64F9B530}
	EndGlobalSection
EndGlobal
