
Microsoft Visual Studio Solution File, Format Version 12.00
# Visual Studio Version 17
VisualStudioVersion = 17.14.36109.1 d17.14
MinimumVisualStudioVersion = 10.0.40219.1
Project("{FAE04EC0-301F-11D3-BF4B-00C04F79EFBC}") = "CollcectionsW2B2 Dictionary and List", "CollcectionsW2B2 Dictionary and List.csproj", "{9D100B7B-658D-42E3-890B-C6E9FEC9F506}"
EndProject
Global
	GlobalSection(SolutionConfigurationPlatforms) = preSolution
		Debug|Any CPU = Debug|Any CPU
		Release|Any CPU = Release|Any CPU
	EndGlobalSection
	GlobalSection(ProjectConfigurationPlatforms) = postSolution
		{9D100B7B-658D-42E3-890B-C6E9FEC9F506}.Debug|Any CPU.ActiveCfg = Debug|Any CPU
		{9D100B7B-658D-42E3-890B-C6E9FEC9F506}.Debug|Any CPU.Build.0 = Debug|Any CPU
		{9D100B7B-658D-42E3-890B-C6E9FEC9F506}.Release|Any CPU.ActiveCfg = Release|Any CPU
		{9D100B7B-658D-42E3-890B-C6E9FEC9F506}.Release|Any CPU.Build.0 = Release|Any CPU
	EndGlobalSection
	GlobalSection(SolutionProperties) = preSolution
		HideSolutionNode = FALSE
	EndGlobalSection
	GlobalSection(ExtensibilityGlobals) = postSolution
		SolutionGuid = {AC304960-04DB-4BA2-B02F-3FED9827831D}
	EndGlobalSection
EndGlobal
