
Microsoft Visual Studio Solution File, Format Version 12.00
# Visual Studio Version 17
VisualStudioVersion = 17.14.36109.1 d17.14
MinimumVisualStudioVersion = 10.0.40219.1
Project("{FAE04EC0-301F-11D3-BF4B-00C04F79EFBC}") = "LINQExamPrep", "LINQExamPrep.csproj", "{B347C5EB-A8F7-43DE-A0F0-68E3925B9857}"
EndProject
Global
	GlobalSection(SolutionConfigurationPlatforms) = preSolution
		Debug|Any CPU = Debug|Any CPU
		Release|Any CPU = Release|Any CPU
	EndGlobalSection
	GlobalSection(ProjectConfigurationPlatforms) = postSolution
		{B347C5EB-A8F7-43DE-A0F0-68E3925B9857}.Debug|Any CPU.ActiveCfg = Debug|Any CPU
		{B347C5EB-A8F7-43DE-A0F0-68E3925B9857}.Debug|Any CPU.Build.0 = Debug|Any CPU
		{B347C5EB-A8F7-43DE-A0F0-68E3925B9857}.Release|Any CPU.ActiveCfg = Release|Any CPU
		{B347C5EB-A8F7-43DE-A0F0-68E3925B9857}.Release|Any CPU.Build.0 = Release|Any CPU
	EndGlobalSection
	GlobalSection(SolutionProperties) = preSolution
		HideSolutionNode = FALSE
	EndGlobalSection
	GlobalSection(ExtensibilityGlobals) = postSolution
		SolutionGuid = {66BFC97B-40F2-4B05-85FD-62894F438FA3}
	EndGlobalSection
EndGlobal
