
Microsoft Visual Studio Solution File, Format Version 12.00
# Visual Studio Version 17
VisualStudioVersion = 17.14.36109.1 d17.14
MinimumVisualStudioVersion = 10.0.40219.1
Project("{FAE04EC0-301F-11D3-BF4B-00C04F79EFBC}") = "List User Input Practice", "List User Input Practice.csproj", "{8BF313D8-C211-4F61-A213-5BDA9BD1D99A}"
EndProject
Global
	GlobalSection(SolutionConfigurationPlatforms) = preSolution
		Debug|Any CPU = Debug|Any CPU
		Release|Any CPU = Release|Any CPU
	EndGlobalSection
	GlobalSection(ProjectConfigurationPlatforms) = postSolution
		{8BF313D8-C211-4F61-A213-5BDA9BD1D99A}.Debug|Any CPU.ActiveCfg = Debug|Any CPU
		{8BF313D8-C211-4F61-A213-5BDA9BD1D99A}.Debug|Any CPU.Build.0 = Debug|Any CPU
		{8BF313D8-C211-4F61-A213-5BDA9BD1D99A}.Release|Any CPU.ActiveCfg = Release|Any CPU
		{8BF313D8-C211-4F61-A213-5BDA9BD1D99A}.Release|Any CPU.Build.0 = Release|Any CPU
	EndGlobalSection
	GlobalSection(SolutionProperties) = preSolution
		HideSolutionNode = FALSE
	EndGlobalSection
	GlobalSection(ExtensibilityGlobals) = postSolution
		SolutionGuid = {E57D6D3D-66B8-4A11-8438-B1CA35E91015}
	EndGlobalSection
EndGlobal
