
Microsoft Visual Studio Solution File, Format Version 12.00
# Visual Studio Version 17
VisualStudioVersion = 17.14.36109.1 d17.14
MinimumVisualStudioVersion = 10.0.40219.1
Project("{FAE04EC0-301F-11D3-BF4B-00C04F79EFBC}") = "XML LINQ", "XML LINQ.csproj", "{DAEE9D39-A717-4C9C-A5E0-94FD6C9C9759}"
EndProject
Global
	GlobalSection(SolutionConfigurationPlatforms) = preSolution
		Debug|Any CPU = Debug|Any CPU
		Release|Any CPU = Release|Any CPU
	EndGlobalSection
	GlobalSection(ProjectConfigurationPlatforms) = postSolution
		{DAEE9D39-A717-4C9C-A5E0-94FD6C9C9759}.Debug|Any CPU.ActiveCfg = Debug|Any CPU
		{DAEE9D39-A717-4C9C-A5E0-94FD6C9C9759}.Debug|Any CPU.Build.0 = Debug|Any CPU
		{DAEE9D39-A717-4C9C-A5E0-94FD6C9C9759}.Release|Any CPU.ActiveCfg = Release|Any CPU
		{DAEE9D39-A717-4C9C-A5E0-94FD6C9C9759}.Release|Any CPU.Build.0 = Release|Any CPU
	EndGlobalSection
	GlobalSection(SolutionProperties) = preSolution
		HideSolutionNode = FALSE
	EndGlobalSection
	GlobalSection(ExtensibilityGlobals) = postSolution
		SolutionGuid = {DF441E24-F661-4C74-B660-DF526CB80D93}
	EndGlobalSection
EndGlobal
