
Microsoft Visual Studio Solution File, Format Version 12.00
# Visual Studio Version 17
VisualStudioVersion = 17.14.36109.1 d17.14
MinimumVisualStudioVersion = 10.0.40219.1
Project("{FAE04EC0-301F-11D3-BF4B-00C04F79EFBC}") = "XMLW6B2 DOM approach", "XMLW6B2 DOM approach.csproj", "{238EFFD4-8067-4DB4-9C82-E4A190A71D47}"
EndProject
Global
	GlobalSection(SolutionConfigurationPlatforms) = preSolution
		Debug|Any CPU = Debug|Any CPU
		Release|Any CPU = Release|Any CPU
	EndGlobalSection
	GlobalSection(ProjectConfigurationPlatforms) = postSolution
		{238EFFD4-8067-4DB4-9C82-E4A190A71D47}.Debug|Any CPU.ActiveCfg = Debug|Any CPU
		{238EFFD4-8067-4DB4-9C82-E4A190A71D47}.Debug|Any CPU.Build.0 = Debug|Any CPU
		{238EFFD4-8067-4DB4-9C82-E4A190A71D47}.Release|Any CPU.ActiveCfg = Release|Any CPU
		{238EFFD4-8067-4DB4-9C82-E4A190A71D47}.Release|Any CPU.Build.0 = Release|Any CPU
	EndGlobalSection
	GlobalSection(SolutionProperties) = preSolution
		HideSolutionNode = FALSE
	EndGlobalSection
	GlobalSection(ExtensibilityGlobals) = postSolution
		SolutionGuid = {4D0B0495-DED1-485F-9B9B-11A9642A1293}
	EndGlobalSection
EndGlobal
