
Microsoft Visual Studio Solution File, Format Version 12.00
# Visual Studio Version 17
VisualStudioVersion = 17.14.36109.1 d17.14
MinimumVisualStudioVersion = 10.0.40219.1
Project("{FAE04EC0-301F-11D3-BF4B-00C04F79EFBC}") = "CollectionsW3B2 Dictionary", "CollectionsW3B2 Dictionary.csproj", "{89C071DD-C0C3-4B25-9D3F-F3090CCEA9D3}"
EndProject
Global
	GlobalSection(SolutionConfigurationPlatforms) = preSolution
		Debug|Any CPU = Debug|Any CPU
		Release|Any CPU = Release|Any CPU
	EndGlobalSection
	GlobalSection(ProjectConfigurationPlatforms) = postSolution
		{89C071DD-C0C3-4B25-9D3F-F3090CCEA9D3}.Debug|Any CPU.ActiveCfg = Debug|Any CPU
		{89C071DD-C0C3-4B25-9D3F-F3090CCEA9D3}.Debug|Any CPU.Build.0 = Debug|Any CPU
		{89C071DD-C0C3-4B25-9D3F-F3090CCEA9D3}.Release|Any CPU.ActiveCfg = Release|Any CPU
		{89C071DD-C0C3-4B25-9D3F-F3090CCEA9D3}.Release|Any CPU.Build.0 = Release|Any CPU
	EndGlobalSection
	GlobalSection(SolutionProperties) = preSolution
		HideSolutionNode = FALSE
	EndGlobalSection
	GlobalSection(ExtensibilityGlobals) = postSolution
		SolutionGuid = {27EDEC6F-1126-4C14-B464-4BA648A85132}
	EndGlobalSection
EndGlobal
